
Microsoft Visual Studio Solution File, Format Version 12.00
# Visual Studio Version 17
VisualStudioVersion = 17.13.35919.96 d17.13
MinimumVisualStudioVersion = 10.0.40219.1
Project("{FAE04EC0-301F-11D3-BF4B-00C04F79EFBC}") = "JobRunner", "JobRunner\JobRunner.csproj", "{B4E10D16-0D0B-49BF-8965-7880F05D7FE6}"
EndProject
Project("{2150E333-8FDC-42A3-9474-1A3956D46DE8}") = "Solution Items", "Solution Items", "{672AD3CE-4D47-4A81-9864-06520479CE74}"
	ProjectSection(SolutionItems) = preProject
		README.md = README.md
	EndProjectSection
EndProject
Global
	GlobalSection(SolutionConfigurationPlatforms) = preSolution
		Debug|Any CPU = Debug|Any CPU
		Release|Any CPU = Release|Any CPU
	EndGlobalSection
	GlobalSection(ProjectConfigurationPlatforms) = postSolution
		{B4E10D16-0D0B-49BF-8965-7880F05D7FE6}.Debug|Any CPU.ActiveCfg = Debug|Any CPU
		{B4E10D16-0D0B-49BF-8965-7880F05D7FE6}.Debug|Any CPU.Build.0 = Debug|Any CPU
		{B4E10D16-0D0B-49BF-8965-7880F05D7FE6}.Release|Any CPU.ActiveCfg = Release|Any CPU
		{B4E10D16-0D0B-49BF-8965-7880F05D7FE6}.Release|Any CPU.Build.0 = Release|Any CPU
	EndGlobalSection
	GlobalSection(SolutionProperties) = preSolution
		HideSolutionNode = FALSE
	EndGlobalSection
	GlobalSection(ExtensibilityGlobals) = postSolution
		SolutionGuid = {F9D03060-A1E6-4FE1-93A6-15A33F589694}
	EndGlobalSection
EndGlobal
